// !$*UTF8*$!
{
	archiveVersion = 1;
	classes = {
	};
	objectVersion = 55;
	objects = {

/* Begin PBXBuildFile section */
		951E9E85269ECB3F00E21F72 /* TaskEditController.swift in Sources */ = {isa = PBXBuildFile; fileRef = 951E9E84269ECB3F00E21F72 /* TaskEditController.swift */; };
		951E9E87269ED28E00E21F72 /* TaskTypeController.swift in Sources */ = {isa = PBXBuildFile; fileRef = 951E9E86269ED28E00E21F72 /* TaskTypeController.swift */; };
		951E9E8A269ED3CE00E21F72 /* TaskTypeCell.swift in Sources */ = {isa = PBXBuildFile; fileRef = 951E9E88269ED3CD00E21F72 /* TaskTypeCell.swift */; };
		951E9E8B269ED3CE00E21F72 /* TaskTypeCell.xib in Resources */ = {isa = PBXBuildFile; fileRef = 951E9E89269ED3CE00E21F72 /* TaskTypeCell.xib */; };
		9557A8562698435F005E17BA /* AppDelegate.swift in Sources */ = {isa = PBXBuildFile; fileRef = 9557A8552698435F005E17BA /* AppDelegate.swift */; };
		9557A8582698435F005E17BA /* SceneDelegate.swift in Sources */ = {isa = PBXBuildFile; fileRef = 9557A8572698435F005E17BA /* SceneDelegate.swift */; };
		9557A85D2698435F005E17BA /* Main.storyboard in Resources */ = {isa = PBXBuildFile; fileRef = 9557A85B2698435F005E17BA /* Main.storyboard */; };
		9557A85F26984360005E17BA /* Assets.xcassets in Resources */ = {isa = PBXBuildFile; fileRef = 9557A85E26984360005E17BA /* Assets.xcassets */; };
		9557A86226984360005E17BA /* LaunchScreen.storyboard in Resources */ = {isa = PBXBuildFile; fileRef = 9557A86026984360005E17BA /* LaunchScreen.storyboard */; };
		9557A86A269847A4005E17BA /* TaskListController.swift in Sources */ = {isa = PBXBuildFile; fileRef = 9557A869269847A4005E17BA /* TaskListController.swift */; };
		9557A86D26984F88005E17BA /* Task.swift in Sources */ = {isa = PBXBuildFile; fileRef = 9557A86C26984F88005E17BA /* Task.swift */; };
		9557A86F269854B7005E17BA /* TaskStorage.swift in Sources */ = {isa = PBXBuildFile; fileRef = 9557A86E269854B7005E17BA /* TaskStorage.swift */; };
		9557A87426985EC6005E17BA /* TaskCell.swift in Sources */ = {isa = PBXBuildFile; fileRef = 9557A87326985EC6005E17BA /* TaskCell.swift */; };
/* End PBXBuildFile section */

/* Begin PBXFileReference section */
		951E9E84269ECB3F00E21F72 /* TaskEditController.swift */ = {isa = PBXFileReference; lastKnownFileType = sourcecode.swift; path = TaskEditController.swift; sourceTree = "<group>"; };
		951E9E86269ED28E00E21F72 /* TaskTypeController.swift */ = {isa = PBXFileReference; lastKnownFileType = sourcecode.swift; path = TaskTypeController.swift; sourceTree = "<group>"; };
		951E9E88269ED3CD00E21F72 /* TaskTypeCell.swift */ = {isa = PBXFileReference; lastKnownFileType = sourcecode.swift; path = TaskTypeCell.swift; sourceTree = "<group>"; };
		951E9E89269ED3CE00E21F72 /* TaskTypeCell.xib */ = {isa = PBXFileReference; lastKnownFileType = file.xib; path = TaskTypeCell.xib; sourceTree = "<group>"; };
		9557A8522698435F005E17BA /* To-Do_Manager_Usov.app */ = {isa = PBXFileReference; explicitFileType = wrapper.application; includeInIndex = 0; path = "To-Do_Manager_Usov.app"; sourceTree = BUILT_PRODUCTS_DIR; };
		9557A8552698435F005E17BA /* AppDelegate.swift */ = {isa = PBXFileReference; lastKnownFileType = sourcecode.swift; path = AppDelegate.swift; sourceTree = "<group>"; };
		9557A8572698435F005E17BA /* SceneDelegate.swift */ = {isa = PBXFileReference; lastKnownFileType = sourcecode.swift; path = SceneDelegate.swift; sourceTree = "<group>"; };
		9557A85C2698435F005E17BA /* Base */ = {isa = PBXFileReference; lastKnownFileType = file.storyboard; name = Base; path = Base.lproj/Main.storyboard; sourceTree = "<group>"; };
		9557A85E26984360005E17BA /* Assets.xcassets */ = {isa = PBXFileReference; lastKnownFileType = folder.assetcatalog; path = Assets.xcassets; sourceTree = "<group>"; };
		9557A86126984360005E17BA /* Base */ = {isa = PBXFileReference; lastKnownFileType = file.storyboard; name = Base; path = Base.lproj/LaunchScreen.storyboard; sourceTree = "<group>"; };
		9557A86326984360005E17BA /* Info.plist */ = {isa = PBXFileReference; lastKnownFileType = text.plist.xml; path = Info.plist; sourceTree = "<group>"; };
		9557A869269847A4005E17BA /* TaskListController.swift */ = {isa = PBXFileReference; lastKnownFileType = sourcecode.swift; path = TaskListController.swift; sourceTree = "<group>"; };
		9557A86C26984F88005E17BA /* Task.swift */ = {isa = PBXFileReference; lastKnownFileType = sourcecode.swift; path = Task.swift; sourceTree = "<group>"; };
		9557A86E269854B7005E17BA /* TaskStorage.swift */ = {isa = PBXFileReference; lastKnownFileType = sourcecode.swift; path = TaskStorage.swift; sourceTree = "<group>"; };
		9557A87326985EC6005E17BA /* TaskCell.swift */ = {isa = PBXFileReference; lastKnownFileType = sourcecode.swift; path = TaskCell.swift; sourceTree = "<group>"; };
/* End PBXFileReference section */

/* Begin PBXFrameworksBuildPhase section */
		9557A84F2698435F005E17BA /* Frameworks */ = {
			isa = PBXFrameworksBuildPhase;
			buildActionMask = 2147483647;
			files = (
			);
			runOnlyForDeploymentPostprocessing = 0;
		};
/* End PBXFrameworksBuildPhase section */

/* Begin PBXGroup section */
		9557A8492698435F005E17BA = {
			isa = PBXGroup;
			children = (
				9557A8542698435F005E17BA /* To-Do_Manager_Usov */,
				9557A8532698435F005E17BA /* Products */,
			);
			sourceTree = "<group>";
		};
		9557A8532698435F005E17BA /* Products */ = {
			isa = PBXGroup;
			children = (
				9557A8522698435F005E17BA /* To-Do_Manager_Usov.app */,
			);
			name = Products;
			sourceTree = "<group>";
		};
		9557A8542698435F005E17BA /* To-Do_Manager_Usov */ = {
			isa = PBXGroup;
			children = (
				9557A87026985E83005E17BA /* View */,
				9557A86B26984F74005E17BA /* Model */,
				9557A8552698435F005E17BA /* AppDelegate.swift */,
				9557A8572698435F005E17BA /* SceneDelegate.swift */,
				9557A869269847A4005E17BA /* TaskListController.swift */,
				9557A85B2698435F005E17BA /* Main.storyboard */,
				9557A85E26984360005E17BA /* Assets.xcassets */,
				9557A86026984360005E17BA /* LaunchScreen.storyboard */,
				9557A86326984360005E17BA /* Info.plist */,
				951E9E84269ECB3F00E21F72 /* TaskEditController.swift */,
				951E9E86269ED28E00E21F72 /* TaskTypeController.swift */,
			);
			path = "To-Do_Manager_Usov";
			sourceTree = "<group>";
		};
		9557A86B26984F74005E17BA /* Model */ = {
			isa = PBXGroup;
			children = (
				9557A86C26984F88005E17BA /* Task.swift */,
				9557A86E269854B7005E17BA /* TaskStorage.swift */,
			);
			path = Model;
			sourceTree = "<group>";
		};
		9557A87026985E83005E17BA /* View */ = {
			isa = PBXGroup;
			children = (
				9557A87326985EC6005E17BA /* TaskCell.swift */,
				951E9E88269ED3CD00E21F72 /* TaskTypeCell.swift */,
				951E9E89269ED3CE00E21F72 /* TaskTypeCell.xib */,
			);
			path = View;
			sourceTree = "<group>";
		};
/* End PBXGroup section */

/* Begin PBXNativeTarget section */
		9557A8512698435F005E17BA /* To-Do_Manager_Usov */ = {
			isa = PBXNativeTarget;
			buildConfigurationList = 9557A86626984360005E17BA /* Build configuration list for PBXNativeTarget "To-Do_Manager_Usov" */;
			buildPhases = (
				9557A84E2698435F005E17BA /* Sources */,
				9557A84F2698435F005E17BA /* Frameworks */,
				9557A8502698435F005E17BA /* Resources */,
			);
			buildRules = (
			);
			dependencies = (
			);
			name = "To-Do_Manager_Usov";
			productName = "To-Do_Manager_Usov";
			productReference = 9557A8522698435F005E17BA /* To-Do_Manager_Usov.app */;
			productType = "com.apple.product-type.application";
		};
/* End PBXNativeTarget section */

/* Begin PBXProject section */
		9557A84A2698435F005E17BA /* Project object */ = {
			isa = PBXProject;
			attributes = {
				BuildIndependentTargetsInParallel = 1;
				LastSwiftUpdateCheck = 1300;
				LastUpgradeCheck = 1300;
				TargetAttributes = {
					9557A8512698435F005E17BA = {
						CreatedOnToolsVersion = 13.0;
					};
				};
			};
			buildConfigurationList = 9557A84D2698435F005E17BA /* Build configuration list for PBXProject "To-Do_Manager_Usov" */;
			compatibilityVersion = "Xcode 13.0";
			developmentRegion = en;
			hasScannedForEncodings = 0;
			knownRegions = (
				en,
				Base,
			);
			mainGroup = 9557A8492698435F005E17BA;
			productRefGroup = 9557A8532698435F005E17BA /* Products */;
			projectDirPath = "";
			projectRoot = "";
			targets = (
				9557A8512698435F005E17BA /* To-Do_Manager_Usov */,
			);
		};
/* End PBXProject section */

/* Begin PBXResourcesBuildPhase section */
		9557A8502698435F005E17BA /* Resources */ = {
			isa = PBXResourcesBuildPhase;
			buildActionMask = 2147483647;
			files = (
				9557A86226984360005E17BA /* LaunchScreen.storyboard in Resources */,
				9557A85F26984360005E17BA /* Assets.xcassets in Resources */,
				951E9E8B269ED3CE00E21F72 /* TaskTypeCell.xib in Resources */,
				9557A85D2698435F005E17BA /* Main.storyboard in Resources */,
			);
			runOnlyForDeploymentPostprocessing = 0;
		};
/* End PBXResourcesBuildPhase section */

/* Begin PBXSourcesBuildPhase section */
		9557A84E2698435F005E17BA /* Sources */ = {
			isa = PBXSourcesBuildPhase;
			buildActionMask = 2147483647;
			files = (
				9557A86D26984F88005E17BA /* Task.swift in Sources */,
				9557A8562698435F005E17BA /* AppDelegate.swift in Sources */,
				9557A8582698435F005E17BA /* SceneDelegate.swift in Sources */,
				9557A86F269854B7005E17BA /* TaskStorage.swift in Sources */,
				951E9E87269ED28E00E21F72 /* TaskTypeController.swift in Sources */,
				9557A87426985EC6005E17BA /* TaskCell.swift in Sources */,
				9557A86A269847A4005E17BA /* TaskListController.swift in Sources */,
				951E9E85269ECB3F00E21F72 /* TaskEditController.swift in Sources */,
				951E9E8A269ED3CE00E21F72 /* TaskTypeCell.swift in Sources */,
			);
			runOnlyForDeploymentPostprocessing = 0;
		};
/* End PBXSourcesBuildPhase section */

/* Begin PBXVariantGroup section */
		9557A85B2698435F005E17BA /* Main.storyboard */ = {
			isa = PBXVariantGroup;
			children = (
				9557A85C2698435F005E17BA /* Base */,
			);
			name = Main.storyboard;
			sourceTree = "<group>";
		};
		9557A86026984360005E17BA /* LaunchScreen.storyboard */ = {
			isa = PBXVariantGroup;
			children = (
				9557A86126984360005E17BA /* Base */,
			);
			name = LaunchScreen.storyboard;
			sourceTree = "<group>";
		};
/* End PBXVariantGroup section */

/* Begin XCBuildConfiguration section */
		9557A86426984360005E17BA /* Debug */ = {
			isa = XCBuildConfiguration;
			buildSettings = {
				ALWAYS_SEARCH_USER_PATHS = NO;
				CLANG_ANALYZER_NONNULL = YES;
				CLANG_ANALYZER_NUMBER_OBJECT_CONVERSION = YES_AGGRESSIVE;
				CLANG_CXX_LANGUAGE_STANDARD = "gnu++14";
				CLANG_CXX_LIBRARY = "libc++";
				CLANG_ENABLE_MODULES = YES;
				CLANG_ENABLE_OBJC_ARC = YES;
				CLANG_ENABLE_OBJC_WEAK = YES;
				CLANG_WARN_BLOCK_CAPTURE_AUTORELEASING = YES;
				CLANG_WARN_BOOL_CONVERSION = YES;
				CLANG_WARN_COMMA = YES;
				CLANG_WARN_CONSTANT_CONVERSION = YES;
				CLANG_WARN_DEPRECATED_OBJC_IMPLEMENTATIONS = YES;
				CLANG_WARN_DIRECT_OBJC_ISA_USAGE = YES_ERROR;
				CLANG_WARN_DOCUMENTATION_COMMENTS = YES;
				CLANG_WARN_EMPTY_BODY = YES;
				CLANG_WARN_ENUM_CONVERSION = YES;
				CLANG_WARN_INFINITE_RECURSION = YES;
				CLANG_WARN_INT_CONVERSION = YES;
				CLANG_WARN_NON_LITERAL_NULL_CONVERSION = YES;
				CLANG_WARN_OBJC_IMPLICIT_RETAIN_SELF = YES;
				CLANG_WARN_OBJC_LITERAL_CONVERSION = YES;
				CLANG_WARN_OBJC_ROOT_CLASS = YES_ERROR;
				CLANG_WARN_QUOTED_INCLUDE_IN_FRAMEWORK_HEADER = YES;
				CLANG_WARN_RANGE_LOOP_ANALYSIS = YES;
				CLANG_WARN_STRICT_PROTOTYPES = YES;
				CLANG_WARN_SUSPICIOUS_MOVE = YES;
				CLANG_WARN_UNGUARDED_AVAILABILITY = YES_AGGRESSIVE;
				CLANG_WARN_UNREACHABLE_CODE = YES;
				CLANG_WARN__DUPLICATE_METHOD_MATCH = YES;
				COPY_PHASE_STRIP = NO;
				DEBUG_INFORMATION_FORMAT = dwarf;
				ENABLE_STRICT_OBJC_MSGSEND = YES;
				ENABLE_TESTABILITY = YES;
				GCC_C_LANGUAGE_STANDARD = gnu11;
				GCC_DYNAMIC_NO_PIC = NO;
				GCC_NO_COMMON_BLOCKS = YES;
				GCC_OPTIMIZATION_LEVEL = 0;
				GCC_PREPROCESSOR_DEFINITIONS = (
					"DEBUG=1",
					"$(inherited)",
				);
				GCC_WARN_64_TO_32_BIT_CONVERSION = YES;
				GCC_WARN_ABOUT_RETURN_TYPE = YES_ERROR;
				GCC_WARN_UNDECLARED_SELECTOR = YES;
				GCC_WARN_UNINITIALIZED_AUTOS = YES_AGGRESSIVE;
				GCC_WARN_UNUSED_FUNCTION = YES;
				GCC_WARN_UNUSED_VARIABLE = YES;
				IPHONEOS_DEPLOYMENT_TARGET = 15.0;
				MTL_ENABLE_DEBUG_INFO = INCLUDE_SOURCE;
				MTL_FAST_MATH = YES;
				ONLY_ACTIVE_ARCH = YES;
				SDKROOT = iphoneos;
				SWIFT_ACTIVE_COMPILATION_CONDITIONS = DEBUG;
				SWIFT_OPTIMIZATION_LEVEL = "-Onone";
			};
			name = Debug;
		};
		9557A86526984360005E17BA /* Release */ = {
			isa = XCBuildConfiguration;
			buildSettings = {
				ALWAYS_SEARCH_USER_PATHS = NO;
				CLANG_ANALYZER_NONNULL = YES;
				CLANG_ANALYZER_NUMBER_OBJECT_CONVERSION = YES_AGGRESSIVE;
				CLANG_CXX_LANGUAGE_STANDARD = "gnu++14";
				CLANG_CXX_LIBRARY = "libc++";
				CLANG_ENABLE_MODULES = YES;
				CLANG_ENABLE_OBJC_ARC = YES;
				CLANG_ENABLE_OBJC_WEAK = YES;
				CLANG_WARN_BLOCK_CAPTURE_AUTORELEASING = YES;
				CLANG_WARN_BOOL_CONVERSION = YES;
				CLANG_WARN_COMMA = YES;
				CLANG_WARN_CONSTANT_CONVERSION = YES;
				CLANG_WARN_DEPRECATED_OBJC_IMPLEMENTATIONS = YES;
				CLANG_WARN_DIRECT_OBJC_ISA_USAGE = YES_ERROR;
				CLANG_WARN_DOCUMENTATION_COMMENTS = YES;
				CLANG_WARN_EMPTY_BODY = YES;
				CLANG_WARN_ENUM_CONVERSION = YES;
				CLANG_WARN_INFINITE_RECURSION = YES;
				CLANG_WARN_INT_CONVERSION = YES;
				CLANG_WARN_NON_LITERAL_NULL_CONVERSION = YES;
				CLANG_WARN_OBJC_IMPLICIT_RETAIN_SELF = YES;
				CLANG_WARN_OBJC_LITERAL_CONVERSION = YES;
				CLANG_WARN_OBJC_ROOT_CLASS = YES_ERROR;
				CLANG_WARN_QUOTED_INCLUDE_IN_FRAMEWORK_HEADER = YES;
				CLANG_WARN_RANGE_LOOP_ANALYSIS = YES;
				CLANG_WARN_STRICT_PROTOTYPES = YES;
				CLANG_WARN_SUSPICIOUS_MOVE = YES;
				CLANG_WARN_UNGUARDED_AVAILABILITY = YES_AGGRESSIVE;
				CLANG_WARN_UNREACHABLE_CODE = YES;
				CLANG_WARN__DUPLICATE_METHOD_MATCH = YES;
				COPY_PHASE_STRIP = NO;
				DEBUG_INFORMATION_FORMAT = "dwarf-with-dsym";
				ENABLE_NS_ASSERTIONS = NO;
				ENABLE_STRICT_OBJC_MSGSEND = YES;
				GCC_C_LANGUAGE_STANDARD = gnu11;
				GCC_NO_COMMON_BLOCKS = YES;
				GCC_WARN_64_TO_32_BIT_CONVERSION = YES;
				GCC_WARN_ABOUT_RETURN_TYPE = YES_ERROR;
				GCC_WARN_UNDECLARED_SELECTOR = YES;
				GCC_WARN_UNINITIALIZED_AUTOS = YES_AGGRESSIVE;
				GCC_WARN_UNUSED_FUNCTION = YES;
				GCC_WARN_UNUSED_VARIABLE = YES;
				IPHONEOS_DEPLOYMENT_TARGET = 15.0;
				MTL_ENABLE_DEBUG_INFO = NO;
				MTL_FAST_MATH = YES;
				SDKROOT = iphoneos;
				SWIFT_COMPILATION_MODE = wholemodule;
				SWIFT_OPTIMIZATION_LEVEL = "-O";
				VALIDATE_PRODUCT = YES;
			};
			name = Release;
		};
		9557A86726984360005E17BA /* Debug */ = {
			isa = XCBuildConfiguration;
			buildSettings = {
				ASSETCATALOG_COMPILER_APPICON_NAME = AppIcon;
				ASSETCATALOG_COMPILER_GLOBAL_ACCENT_COLOR_NAME = AccentColor;
				CODE_SIGN_STYLE = Automatic;
				CURRENT_PROJECT_VERSION = 1;
				DEVELOPMENT_TEAM = 9T65XWHQL7;
				GENERATE_INFOPLIST_FILE = YES;
				INFOPLIST_FILE = "To-Do_Manager_Usov/Info.plist";
				INFOPLIST_KEY_CFBundleExecutable = "To-Do_Manager_Usov";
				INFOPLIST_KEY_CFBundleName = "To-Do_Manager_Usov";
				INFOPLIST_KEY_CFBundleVersion = 1;
				INFOPLIST_KEY_UIApplicationSupportsIndirectInputEvents = YES;
				INFOPLIST_KEY_UILaunchStoryboardName = LaunchScreen;
				INFOPLIST_KEY_UIMainStoryboardFile = Main;
				INFOPLIST_KEY_UISupportedInterfaceOrientations_iPad = "UIInterfaceOrientationPortrait UIInterfaceOrientationPortraitUpsideDown UIInterfaceOrientationLandscapeLeft UIInterfaceOrientationLandscapeRight";
				INFOPLIST_KEY_UISupportedInterfaceOrientations_iPhone = "UIInterfaceOrientationPortrait UIInterfaceOrientationLandscapeLeft UIInterfaceOrientationLandscapeRight";
				LD_RUNPATH_SEARCH_PATHS = (
					"$(inherited)",
					"@executable_path/Frameworks",
				);
				MARKETING_VERSION = 1.1;
				PRODUCT_BUNDLE_IDENTIFIER = "ru.MrMurmanProd.To-Do-Manager-Usov";
				PRODUCT_NAME = "$(TARGET_NAME)";
				SWIFT_EMIT_LOC_STRINGS = YES;
				SWIFT_VERSION = 5.0;
				TARGETED_DEVICE_FAMILY = "1,2";
			};
			name = Debug;
		};
		9557A86826984360005E17BA /* Release */ = {
			isa = XCBuildConfiguration;
			buildSettings = {
				ASSETCATALOG_COMPILER_APPICON_NAME = AppIcon;
				ASSETCATALOG_COMPILER_GLOBAL_ACCENT_COLOR_NAME = AccentColor;
				CODE_SIGN_STYLE = Automatic;
				CURRENT_PROJECT_VERSION = 1;
				DEVELOPMENT_TEAM = 9T65XWHQL7;
				GENERATE_INFOPLIST_FILE = YES;
				INFOPLIST_FILE = "To-Do_Manager_Usov/Info.plist";
				INFOPLIST_KEY_CFBundleExecutable = "To-Do_Manager_Usov";
				INFOPLIST_KEY_CFBundleName = "To-Do_Manager_Usov";
				INFOPLIST_KEY_CFBundleVersion = 1;
				INFOPLIST_KEY_UIApplicationSupportsIndirectInputEvents = YES;
				INFOPLIST_KEY_UILaunchStoryboardName = LaunchScreen;
				INFOPLIST_KEY_UIMainStoryboardFile = Main;
				INFOPLIST_KEY_UISupportedInterfaceOrientations_iPad = "UIInterfaceOrientationPortrait UIInterfaceOrientationPortraitUpsideDown UIInterfaceOrientationLandscapeLeft UIInterfaceOrientationLandscapeRight";
				INFOPLIST_KEY_UISupportedInterfaceOrientations_iPhone = "UIInterfaceOrientationPortrait UIInterfaceOrientationLandscapeLeft UIInterfaceOrientationLandscapeRight";
				LD_RUNPATH_SEARCH_PATHS = (
					"$(inherited)",
					"@executable_path/Frameworks",
				);
				MARKETING_VERSION = 1.1;
				PRODUCT_BUNDLE_IDENTIFIER = "ru.MrMurmanProd.To-Do-Manager-Usov";
				PRODUCT_NAME = "$(TARGET_NAME)";
				SWIFT_EMIT_LOC_STRINGS = YES;
				SWIFT_VERSION = 5.0;
				TARGETED_DEVICE_FAMILY = "1,2";
			};
			name = Release;
		};
/* End XCBuildConfiguration section */

/* Begin XCConfigurationList section */
		9557A84D2698435F005E17BA /* Build configuration list for PBXProject "To-Do_Manager_Usov" */ = {
			isa = XCConfigurationList;
			buildConfigurations = (
				9557A86426984360005E17BA /* Debug */,
				9557A86526984360005E17BA /* Release */,
			);
			defaultConfigurationIsVisible = 0;
			defaultConfigurationName = Release;
		};
		9557A86626984360005E17BA /* Build configuration list for PBXNativeTarget "To-Do_Manager_Usov" */ = {
			isa = XCConfigurationList;
			buildConfigurations = (
				9557A86726984360005E17BA /* Debug */,
				9557A86826984360005E17BA /* Release */,
			);
			defaultConfigurationIsVisible = 0;
			defaultConfigurationName = Release;
		};
/* End XCConfigurationList section */
	};
	rootObject = 9557A84A2698435F005E17BA /* Project object */;
}
